
Microsoft Visual Studio Solution File, Format Version 12.00
# Visual Studio Version 16
VisualStudioVersion = 16.0.31005.135
MinimumVisualStudioVersion = 10.0.40219.1
Project("{FAE04EC0-301F-11D3-BF4B-00C04F79EFBC}") = "01_Recursion", "01_Recursion\01_Recursion.csproj", "{66A5F376-92D1-46C8-ABDA-67DF5304C21E}"
EndProject
Project("{FAE04EC0-301F-11D3-BF4B-00C04F79EFBC}") = "02_LinkedList", "02_LinkedList\02_LinkedList.csproj", "{071DD946-1CFF-47D0-A475-4D36E0D84715}"
EndProject
Global
	GlobalSection(SolutionConfigurationPlatforms) = preSolution
		Debug|Any CPU = Debug|Any CPU
		Release|Any CPU = Release|Any CPU
	EndGlobalSection
	GlobalSection(ProjectConfigurationPlatforms) = postSolution
		{66A5F376-92D1-46C8-ABDA-67DF5304C21E}.Debug|Any CPU.ActiveCfg = Debug|Any CPU
		{66A5F376-92D1-46C8-ABDA-67DF5304C21E}.Debug|Any CPU.Build.0 = Debug|Any CPU
		{66A5F376-92D1-46C8-ABDA-67DF5304C21E}.Release|Any CPU.ActiveCfg = Release|Any CPU
		{66A5F376-92D1-46C8-ABDA-67DF5304C21E}.Release|Any CPU.Build.0 = Release|Any CPU
		{071DD946-1CFF-47D0-A475-4D36E0D84715}.Debug|Any CPU.ActiveCfg = Debug|Any CPU
		{071DD946-1CFF-47D0-A475-4D36E0D84715}.Debug|Any CPU.Build.0 = Debug|Any CPU
		{071DD946-1CFF-47D0-A475-4D36E0D84715}.Release|Any CPU.ActiveCfg = Release|Any CPU
		{071DD946-1CFF-47D0-A475-4D36E0D84715}.Release|Any CPU.Build.0 = Release|Any CPU
	EndGlobalSection
	GlobalSection(SolutionProperties) = preSolution
		HideSolutionNode = FALSE
	EndGlobalSection
	GlobalSection(ExtensibilityGlobals) = postSolution
		SolutionGuid = {DB675B74-DB2A-4CC1-9C9B-C6D7EBAC8BCA}
	EndGlobalSection
EndGlobal
